
Microsoft Visual Studio Solution File, Format Version 12.00
# Visual Studio Version 17
VisualStudioVersion = 17.0.31903.59
MinimumVisualStudioVersion = 10.0.40219.1
Project("{9A19103F-16F7-4668-BE54-9A1E7A4F7556}") = "Consumer", "Consumer\Consumer.csproj", "{FBF894C5-89DC-49F1-8254-03076568AF8F}"
EndProject
Project("{FAE04EC0-301F-11D3-BF4B-00C04F79EFBC}") = "Producer", "Producer\Producer.csproj", "{50A6A922-AC25-4048-A1D7-26DB4DF5175A}"
EndProject
Global
	GlobalSection(SolutionConfigurationPlatforms) = preSolution
		Debug|Any CPU = Debug|Any CPU
		Release|Any CPU = Release|Any CPU
	EndGlobalSection
	GlobalSection(ProjectConfigurationPlatforms) = postSolution
		{FBF894C5-89DC-49F1-8254-03076568AF8F}.Debug|Any CPU.ActiveCfg = Debug|Any CPU
		{FBF894C5-89DC-49F1-8254-03076568AF8F}.Debug|Any CPU.Build.0 = Debug|Any CPU
		{FBF894C5-89DC-49F1-8254-03076568AF8F}.Release|Any CPU.ActiveCfg = Release|Any CPU
		{FBF894C5-89DC-49F1-8254-03076568AF8F}.Release|Any CPU.Build.0 = Release|Any CPU
		{50A6A922-AC25-4048-A1D7-26DB4DF5175A}.Debug|Any CPU.ActiveCfg = Debug|Any CPU
		{50A6A922-AC25-4048-A1D7-26DB4DF5175A}.Debug|Any CPU.Build.0 = Debug|Any CPU
		{50A6A922-AC25-4048-A1D7-26DB4DF5175A}.Release|Any CPU.ActiveCfg = Release|Any CPU
		{50A6A922-AC25-4048-A1D7-26DB4DF5175A}.Release|Any CPU.Build.0 = Release|Any CPU
	EndGlobalSection
	GlobalSection(SolutionProperties) = preSolution
		HideSolutionNode = FALSE
	EndGlobalSection
	GlobalSection(ExtensibilityGlobals) = postSolution
		SolutionGuid = {0DA9BE2B-6C33-4A1C-AD50-FB3FD15B6AB9}
	EndGlobalSection
EndGlobal
